// !$*UTF8*$!
{
	archiveVersion = 1;
	classes = {
	};
	objectVersion = 46;
	objects = {

/* Begin PBXBuildFile section */
		11A9D6954B261C563AFBD643 /* Pods_RS_CombatTests.framework in Frameworks */ = {isa = PBXBuildFile; fileRef = F574A9404069B2BFFD3C4AD6 /* Pods_RS_CombatTests.framework */; };
		73282DFA1E4AD221009A6B56 /* AppDelegate.swift in Sources */ = {isa = PBXBuildFile; fileRef = 73282DF91E4AD221009A6B56 /* AppDelegate.swift */; };
		73282DFC1E4AD238009A6B56 /* launch.storyboard in Resources */ = {isa = PBXBuildFile; fileRef = 73282DFB1E4AD238009A6B56 /* launch.storyboard */; };
		733AEBAF199C577300E0BA95 /* 768osBackground.png in Resources */ = {isa = PBXBuildFile; fileRef = 733AEBAE199C577300E0BA95 /* 768osBackground.png */; };
		733AEBB3199C94B100E0BA95 /* Info.plist in Resources */ = {isa = PBXBuildFile; fileRef = 733AEBB2199C94B100E0BA95 /* Info.plist */; };
		735641B719819F080098FF4B /* 640x1136.png in Resources */ = {isa = PBXBuildFile; fileRef = 7356419B19819F080098FF4B /* 640x1136.png */; };
		735641B819819F080098FF4B /* 640x960.png in Resources */ = {isa = PBXBuildFile; fileRef = 7356419C19819F080098FF4B /* 640x960.png */; };
		735641BA19819F080098FF4B /* button.png in Resources */ = {isa = PBXBuildFile; fileRef = 7356419E19819F080098FF4B /* button.png */; };
		735641BC19819F080098FF4B /* osBackground.png in Resources */ = {isa = PBXBuildFile; fileRef = 735641A019819F080098FF4B /* osBackground.png */; };
		735641BD19819F080098FF4B /* osTab.png in Resources */ = {isa = PBXBuildFile; fileRef = 735641A119819F080098FF4B /* osTab.png */; };
		735641BE19819F080098FF4B /* osTab@2x.png in Resources */ = {isa = PBXBuildFile; fileRef = 735641A219819F080098FF4B /* osTab@2x.png */; };
		735641BF19819F080098FF4B /* rs3Tab.png in Resources */ = {isa = PBXBuildFile; fileRef = 735641A319819F080098FF4B /* rs3Tab.png */; };
		735641C019819F080098FF4B /* rs3Tab@2x.png in Resources */ = {isa = PBXBuildFile; fileRef = 735641A419819F080098FF4B /* rs3Tab@2x.png */; };
		735641C319819F080098FF4B /* tabBarBackground@2x.png in Resources */ = {isa = PBXBuildFile; fileRef = 735641A719819F080098FF4B /* tabBarBackground@2x.png */; };
		735641C419819F080098FF4B /* textbox.png in Resources */ = {isa = PBXBuildFile; fileRef = 735641A819819F080098FF4B /* textbox.png */; };
		735641C819819F080098FF4B /* Main.storyboard in Resources */ = {isa = PBXBuildFile; fileRef = 735641AD19819F080098FF4B /* Main.storyboard */; };
		735F29AB199B0AEE008940AF /* 768x1024.png in Resources */ = {isa = PBXBuildFile; fileRef = 735F29AA199B0AEE008940AF /* 768x1024.png */; };
		738E22411E4B6F9700305402 /* OSMain.swift in Sources */ = {isa = PBXBuildFile; fileRef = 738E22401E4B6F9700305402 /* OSMain.swift */; };
		738E22431E4B924600305402 /* Images.xcassets in Resources */ = {isa = PBXBuildFile; fileRef = 738E22421E4B924600305402 /* Images.xcassets */; };
		73E9662D19A3B64C00196E34 /* AppLogo.png in Resources */ = {isa = PBXBuildFile; fileRef = 73E9662C19A3B64C00196E34 /* AppLogo.png */; };
		73F5DAFA1E48DEDF00999C84 /* RSMain.swift in Sources */ = {isa = PBXBuildFile; fileRef = 73F5DAF91E48DEDF00999C84 /* RSMain.swift */; };
		DEB017BE7BF4AE5658D88426 /* Pods_RS_Combat.framework in Frameworks */ = {isa = PBXBuildFile; fileRef = BA999A484D515576B2E27406 /* Pods_RS_Combat.framework */; };
/* End PBXBuildFile section */

/* Begin PBXContainerItemProxy section */
		736530741976BD28004D83E9 /* PBXContainerItemProxy */ = {
			isa = PBXContainerItemProxy;
			containerPortal = 736530521976BD28004D83E9 /* Project object */;
			proxyType = 1;
			remoteGlobalIDString = 736530591976BD28004D83E9;
			remoteInfo = "RS Combat Calc";
		};
/* End PBXContainerItemProxy section */

/* Begin PBXFileReference section */
		549B1EF10A705633E1E4D0B6 /* Pods-RS CombatTests.release.xcconfig */ = {isa = PBXFileReference; includeInIndex = 1; lastKnownFileType = text.xcconfig; name = "Pods-RS CombatTests.release.xcconfig"; path = "Pods/Target Support Files/Pods-RS CombatTests/Pods-RS CombatTests.release.xcconfig"; sourceTree = "<group>"; };
		6AA787676983E51062A96125 /* Pods-RS CombatTests.debug.xcconfig */ = {isa = PBXFileReference; includeInIndex = 1; lastKnownFileType = text.xcconfig; name = "Pods-RS CombatTests.debug.xcconfig"; path = "Pods/Target Support Files/Pods-RS CombatTests/Pods-RS CombatTests.debug.xcconfig"; sourceTree = "<group>"; };
		73282DF91E4AD221009A6B56 /* AppDelegate.swift */ = {isa = PBXFileReference; fileEncoding = 4; lastKnownFileType = sourcecode.swift; name = AppDelegate.swift; path = "RS Combat/AppDelegate.swift"; sourceTree = SOURCE_ROOT; };
		73282DFB1E4AD238009A6B56 /* launch.storyboard */ = {isa = PBXFileReference; fileEncoding = 4; lastKnownFileType = file.storyboard; name = launch.storyboard; path = "RS Combat/launch.storyboard"; sourceTree = SOURCE_ROOT; };
		733AEBAE199C577300E0BA95 /* 768osBackground.png */ = {isa = PBXFileReference; lastKnownFileType = image.png; path = 768osBackground.png; sourceTree = "<group>"; };
		733AEBB2199C94B100E0BA95 /* Info.plist */ = {isa = PBXFileReference; fileEncoding = 4; lastKnownFileType = text.plist.xml; name = Info.plist; path = "RS Combat Tests/Info.plist"; sourceTree = SOURCE_ROOT; };
		7356419B19819F080098FF4B /* 640x1136.png */ = {isa = PBXFileReference; lastKnownFileType = image.png; path = 640x1136.png; sourceTree = "<group>"; };
		7356419C19819F080098FF4B /* 640x960.png */ = {isa = PBXFileReference; lastKnownFileType = image.png; path = 640x960.png; sourceTree = "<group>"; };
		7356419E19819F080098FF4B /* button.png */ = {isa = PBXFileReference; lastKnownFileType = image.png; path = button.png; sourceTree = "<group>"; };
		735641A019819F080098FF4B /* osBackground.png */ = {isa = PBXFileReference; lastKnownFileType = image.png; path = osBackground.png; sourceTree = "<group>"; };
		735641A119819F080098FF4B /* osTab.png */ = {isa = PBXFileReference; lastKnownFileType = image.png; path = osTab.png; sourceTree = "<group>"; };
		735641A219819F080098FF4B /* osTab@2x.png */ = {isa = PBXFileReference; lastKnownFileType = image.png; path = "osTab@2x.png"; sourceTree = "<group>"; };
		735641A319819F080098FF4B /* rs3Tab.png */ = {isa = PBXFileReference; lastKnownFileType = image.png; path = rs3Tab.png; sourceTree = "<group>"; };
		735641A419819F080098FF4B /* rs3Tab@2x.png */ = {isa = PBXFileReference; lastKnownFileType = image.png; path = "rs3Tab@2x.png"; sourceTree = "<group>"; };
		735641A719819F080098FF4B /* tabBarBackground@2x.png */ = {isa = PBXFileReference; lastKnownFileType = image.png; path = "tabBarBackground@2x.png"; sourceTree = "<group>"; };
		735641A819819F080098FF4B /* textbox.png */ = {isa = PBXFileReference; lastKnownFileType = image.png; path = textbox.png; sourceTree = "<group>"; };
		735641AA19819F080098FF4B /* Info.plist */ = {isa = PBXFileReference; fileEncoding = 4; lastKnownFileType = text.plist.xml; name = Info.plist; path = "RS Combat/Info.plist"; sourceTree = SOURCE_ROOT; };
		735641AD19819F080098FF4B /* Main.storyboard */ = {isa = PBXFileReference; fileEncoding = 4; lastKnownFileType = file.storyboard; name = Main.storyboard; path = "RS Combat/Main.storyboard"; sourceTree = SOURCE_ROOT; };
		735F29AA199B0AEE008940AF /* 768x1024.png */ = {isa = PBXFileReference; lastKnownFileType = image.png; path = 768x1024.png; sourceTree = "<group>"; };
		7365305A1976BD28004D83E9 /* RS Combat.app */ = {isa = PBXFileReference; explicitFileType = wrapper.application; includeInIndex = 0; path = "RS Combat.app"; sourceTree = BUILT_PRODUCTS_DIR; };
		736530731976BD28004D83E9 /* RS CombatTests.xctest */ = {isa = PBXFileReference; explicitFileType = wrapper.cfbundle; includeInIndex = 0; path = "RS CombatTests.xctest"; sourceTree = BUILT_PRODUCTS_DIR; };
		738E22401E4B6F9700305402 /* OSMain.swift */ = {isa = PBXFileReference; fileEncoding = 4; lastKnownFileType = sourcecode.swift; name = OSMain.swift; path = "RS Combat/OSMain.swift"; sourceTree = SOURCE_ROOT; };
		738E22421E4B924600305402 /* Images.xcassets */ = {isa = PBXFileReference; lastKnownFileType = folder.assetcatalog; name = Images.xcassets; path = "RS Combat/Images.xcassets"; sourceTree = SOURCE_ROOT; };
		73E9662C19A3B64C00196E34 /* AppLogo.png */ = {isa = PBXFileReference; lastKnownFileType = image.png; path = AppLogo.png; sourceTree = "<group>"; };
		73F5DAF91E48DEDF00999C84 /* RSMain.swift */ = {isa = PBXFileReference; fileEncoding = 4; lastKnownFileType = sourcecode.swift; name = RSMain.swift; path = "RS Combat/RSMain.swift"; sourceTree = SOURCE_ROOT; };
		974AD0D37377E660553FDA68 /* Pods-RS Combat.release.xcconfig */ = {isa = PBXFileReference; includeInIndex = 1; lastKnownFileType = text.xcconfig; name = "Pods-RS Combat.release.xcconfig"; path = "Pods/Target Support Files/Pods-RS Combat/Pods-RS Combat.release.xcconfig"; sourceTree = "<group>"; };
		A82C44998583BAAE8258A492 /* Pods-RS Combat.debug.xcconfig */ = {isa = PBXFileReference; includeInIndex = 1; lastKnownFileType = text.xcconfig; name = "Pods-RS Combat.debug.xcconfig"; path = "Pods/Target Support Files/Pods-RS Combat/Pods-RS Combat.debug.xcconfig"; sourceTree = "<group>"; };
		BA999A484D515576B2E27406 /* Pods_RS_Combat.framework */ = {isa = PBXFileReference; explicitFileType = wrapper.framework; includeInIndex = 0; path = Pods_RS_Combat.framework; sourceTree = BUILT_PRODUCTS_DIR; };
		F574A9404069B2BFFD3C4AD6 /* Pods_RS_CombatTests.framework */ = {isa = PBXFileReference; explicitFileType = wrapper.framework; includeInIndex = 0; path = Pods_RS_CombatTests.framework; sourceTree = BUILT_PRODUCTS_DIR; };
/* End PBXFileReference section */

/* Begin PBXFrameworksBuildPhase section */
		736530571976BD28004D83E9 /* Frameworks */ = {
			isa = PBXFrameworksBuildPhase;
			buildActionMask = 2147483647;
			files = (
				DEB017BE7BF4AE5658D88426 /* Pods_RS_Combat.framework in Frameworks */,
			);
			runOnlyForDeploymentPostprocessing = 0;
		};
		736530701976BD28004D83E9 /* Frameworks */ = {
			isa = PBXFrameworksBuildPhase;
			buildActionMask = 2147483647;
			files = (
				11A9D6954B261C563AFBD643 /* Pods_RS_CombatTests.framework in Frameworks */,
			);
			runOnlyForDeploymentPostprocessing = 0;
		};
/* End PBXFrameworksBuildPhase section */

/* Begin PBXGroup section */
		3415BBBE81BAD15BD0483ECD /* Pods */ = {
			isa = PBXGroup;
			children = (
				A82C44998583BAAE8258A492 /* Pods-RS Combat.debug.xcconfig */,
				974AD0D37377E660553FDA68 /* Pods-RS Combat.release.xcconfig */,
				6AA787676983E51062A96125 /* Pods-RS CombatTests.debug.xcconfig */,
				549B1EF10A705633E1E4D0B6 /* Pods-RS CombatTests.release.xcconfig */,
			);
			name = Pods;
			sourceTree = "<group>";
		};
		7356419A19819F080098FF4B /* Images */ = {
			isa = PBXGroup;
			children = (
				733AEBAE199C577300E0BA95 /* 768osBackground.png */,
				735F29AA199B0AEE008940AF /* 768x1024.png */,
				7356419B19819F080098FF4B /* 640x1136.png */,
				7356419C19819F080098FF4B /* 640x960.png */,
				73E9662C19A3B64C00196E34 /* AppLogo.png */,
				7356419E19819F080098FF4B /* button.png */,
				735641A019819F080098FF4B /* osBackground.png */,
				735641A119819F080098FF4B /* osTab.png */,
				735641A219819F080098FF4B /* osTab@2x.png */,
				735641A319819F080098FF4B /* rs3Tab.png */,
				735641A419819F080098FF4B /* rs3Tab@2x.png */,
				735641A719819F080098FF4B /* tabBarBackground@2x.png */,
				735641A819819F080098FF4B /* textbox.png */,
			);
			name = Images;
			path = "RS Combat/Images";
			sourceTree = SOURCE_ROOT;
		};
		736530511976BD28004D83E9 = {
			isa = PBXGroup;
			children = (
				7365305C1976BD28004D83E9 /* RS Combat */,
				736530761976BD28004D83E9 /* RS Combat Tests */,
				7365305B1976BD28004D83E9 /* Products */,
				3415BBBE81BAD15BD0483ECD /* Pods */,
				CFEF319BD6531131E7E412FA /* Frameworks */,
			);
			sourceTree = "<group>";
		};
		7365305B1976BD28004D83E9 /* Products */ = {
			isa = PBXGroup;
			children = (
				7365305A1976BD28004D83E9 /* RS Combat.app */,
				736530731976BD28004D83E9 /* RS CombatTests.xctest */,
			);
			name = Products;
			sourceTree = "<group>";
		};
		7365305C1976BD28004D83E9 /* RS Combat */ = {
			isa = PBXGroup;
			children = (
				73C571CE1A9CFB02005B5D0E /* RS Combat */,
				7356419A19819F080098FF4B /* Images */,
				7365305D1976BD28004D83E9 /* Supporting Files */,
			);
			name = "RS Combat";
			path = "RS Combat Calc";
			sourceTree = "<group>";
		};
		7365305D1976BD28004D83E9 /* Supporting Files */ = {
			isa = PBXGroup;
			children = (
				735641AA19819F080098FF4B /* Info.plist */,
			);
			name = "Supporting Files";
			sourceTree = "<group>";
		};
		736530761976BD28004D83E9 /* RS Combat Tests */ = {
			isa = PBXGroup;
			children = (
				736530771976BD28004D83E9 /* Supporting Files */,
			);
			name = "RS Combat Tests";
			path = "RS Combat CalcTests";
			sourceTree = "<group>";
		};
		736530771976BD28004D83E9 /* Supporting Files */ = {
			isa = PBXGroup;
			children = (
				733AEBB2199C94B100E0BA95 /* Info.plist */,
			);
			name = "Supporting Files";
			sourceTree = "<group>";
		};
		73C571CE1A9CFB02005B5D0E /* RS Combat */ = {
			isa = PBXGroup;
			children = (
				738E22421E4B924600305402 /* Images.xcassets */,
				73282DF91E4AD221009A6B56 /* AppDelegate.swift */,
				735641AD19819F080098FF4B /* Main.storyboard */,
				73F5DAF91E48DEDF00999C84 /* RSMain.swift */,
				738E22401E4B6F9700305402 /* OSMain.swift */,
				73282DFB1E4AD238009A6B56 /* launch.storyboard */,
			);
			name = "RS Combat";
			sourceTree = "<group>";
		};
		CFEF319BD6531131E7E412FA /* Frameworks */ = {
			isa = PBXGroup;
			children = (
				BA999A484D515576B2E27406 /* Pods_RS_Combat.framework */,
				F574A9404069B2BFFD3C4AD6 /* Pods_RS_CombatTests.framework */,
			);
			name = Frameworks;
			sourceTree = "<group>";
		};
/* End PBXGroup section */

/* Begin PBXNativeTarget section */
		736530591976BD28004D83E9 /* RS Combat */ = {
			isa = PBXNativeTarget;
			buildConfigurationList = 7365307D1976BD28004D83E9 /* Build configuration list for PBXNativeTarget "RS Combat" */;
			buildPhases = (
				E1A0ABE8008C2F313512E98A /* [CP] Check Pods Manifest.lock */,
				736530561976BD28004D83E9 /* Sources */,
				736530571976BD28004D83E9 /* Frameworks */,
				736530581976BD28004D83E9 /* Resources */,
				733AEBB4199C9C4E00E0BA95 /* ShellScript */,
				2DD18460AB8DDC63951B1425 /* [CP] Embed Pods Frameworks */,
			);
			buildRules = (
			);
			dependencies = (
			);
			name = "RS Combat";
			productName = "RS Combat Calc";
			productReference = 7365305A1976BD28004D83E9 /* RS Combat.app */;
			productType = "com.apple.product-type.application";
		};
		736530721976BD28004D83E9 /* RS CombatTests */ = {
			isa = PBXNativeTarget;
			buildConfigurationList = 736530801976BD28004D83E9 /* Build configuration list for PBXNativeTarget "RS CombatTests" */;
			buildPhases = (
				209E0748F70A9351C55187F1 /* [CP] Check Pods Manifest.lock */,
				7365306F1976BD28004D83E9 /* Sources */,
				736530701976BD28004D83E9 /* Frameworks */,
				736530711976BD28004D83E9 /* Resources */,
			);
			buildRules = (
			);
			dependencies = (
				736530751976BD28004D83E9 /* PBXTargetDependency */,
			);
			name = "RS CombatTests";
			productName = "RS Combat CalcTests";
			productReference = 736530731976BD28004D83E9 /* RS CombatTests.xctest */;
			productType = "com.apple.product-type.bundle.unit-test";
		};
/* End PBXNativeTarget section */

/* Begin PBXProject section */
		736530521976BD28004D83E9 /* Project object */ = {
			isa = PBXProject;
			attributes = {
				LastUpgradeCheck = 0940;
				ORGANIZATIONNAME = "Erik Bean";
				TargetAttributes = {
					736530591976BD28004D83E9 = {
						CreatedOnToolsVersion = 6.0;
						DevelopmentTeam = LBL5W959W4;
						LastSwiftMigration = 0820;
						SystemCapabilities = {
							com.apple.GameCenter = {
								enabled = 0;
							};
							com.apple.InAppPurchase = {
								enabled = 0;
							};
						};
					};
					736530721976BD28004D83E9 = {
						CreatedOnToolsVersion = 6.0;
						TestTargetID = 736530591976BD28004D83E9;
					};
				};
			};
			buildConfigurationList = 736530551976BD28004D83E9 /* Build configuration list for PBXProject "RS Combat" */;
			compatibilityVersion = "Xcode 3.2";
			developmentRegion = English;
			hasScannedForEncodings = 0;
			knownRegions = (
				en,
				Base,
			);
			mainGroup = 736530511976BD28004D83E9;
			productRefGroup = 7365305B1976BD28004D83E9 /* Products */;
			projectDirPath = "";
			projectRoot = "";
			targets = (
				736530591976BD28004D83E9 /* RS Combat */,
				736530721976BD28004D83E9 /* RS CombatTests */,
			);
		};
/* End PBXProject section */

/* Begin PBXResourcesBuildPhase section */
		736530581976BD28004D83E9 /* Resources */ = {
			isa = PBXResourcesBuildPhase;
			buildActionMask = 2147483647;
			files = (
				733AEBAF199C577300E0BA95 /* 768osBackground.png in Resources */,
				738E22431E4B924600305402 /* Images.xcassets in Resources */,
				735641C819819F080098FF4B /* Main.storyboard in Resources */,
				735641BF19819F080098FF4B /* rs3Tab.png in Resources */,
				733AEBB3199C94B100E0BA95 /* Info.plist in Resources */,
				735641BA19819F080098FF4B /* button.png in Resources */,
				735641BC19819F080098FF4B /* osBackground.png in Resources */,
				73282DFC1E4AD238009A6B56 /* launch.storyboard in Resources */,
				735641BE19819F080098FF4B /* osTab@2x.png in Resources */,
				735641BD19819F080098FF4B /* osTab.png in Resources */,
				735F29AB199B0AEE008940AF /* 768x1024.png in Resources */,
				735641C019819F080098FF4B /* rs3Tab@2x.png in Resources */,
				735641C419819F080098FF4B /* textbox.png in Resources */,
				735641C319819F080098FF4B /* tabBarBackground@2x.png in Resources */,
				735641B719819F080098FF4B /* 640x1136.png in Resources */,
				73E9662D19A3B64C00196E34 /* AppLogo.png in Resources */,
				735641B819819F080098FF4B /* 640x960.png in Resources */,
			);
			runOnlyForDeploymentPostprocessing = 0;
		};
		736530711976BD28004D83E9 /* Resources */ = {
			isa = PBXResourcesBuildPhase;
			buildActionMask = 2147483647;
			files = (
			);
			runOnlyForDeploymentPostprocessing = 0;
		};
/* End PBXResourcesBuildPhase section */

/* Begin PBXShellScriptBuildPhase section */
		209E0748F70A9351C55187F1 /* [CP] Check Pods Manifest.lock */ = {
			isa = PBXShellScriptBuildPhase;
			buildActionMask = 2147483647;
			files = (
			);
			inputPaths = (
				"${PODS_PODFILE_DIR_PATH}/Podfile.lock",
				"${PODS_ROOT}/Manifest.lock",
			);
			name = "[CP] Check Pods Manifest.lock";
			outputPaths = (
				"$(DERIVED_FILE_DIR)/Pods-RS CombatTests-checkManifestLockResult.txt",
			);
			runOnlyForDeploymentPostprocessing = 0;
			shellPath = /bin/sh;
			shellScript = "diff \"${PODS_PODFILE_DIR_PATH}/Podfile.lock\" \"${PODS_ROOT}/Manifest.lock\" > /dev/null\nif [ $? != 0 ] ; then\n    # print error to STDERR\n    echo \"error: The sandbox is not in sync with the Podfile.lock. Run 'pod install' or update your CocoaPods installation.\" >&2\n    exit 1\nfi\n# This output is used by Xcode 'outputs' to avoid re-running this script phase.\necho \"SUCCESS\" > \"${SCRIPT_OUTPUT_FILE_0}\"\n";
			showEnvVarsInLog = 0;
		};
		2DD18460AB8DDC63951B1425 /* [CP] Embed Pods Frameworks */ = {
			isa = PBXShellScriptBuildPhase;
			buildActionMask = 2147483647;
			files = (
			);
			inputPaths = (
				"${SRCROOT}/Pods/Target Support Files/Pods-RS Combat/Pods-RS Combat-frameworks.sh",
				"${BUILT_PRODUCTS_DIR}/GoogleToolboxForMac/GoogleToolboxForMac.framework",
				"${BUILT_PRODUCTS_DIR}/nanopb/nanopb.framework",
			);
			name = "[CP] Embed Pods Frameworks";
			outputPaths = (
				"${TARGET_BUILD_DIR}/${FRAMEWORKS_FOLDER_PATH}/GoogleToolboxForMac.framework",
				"${TARGET_BUILD_DIR}/${FRAMEWORKS_FOLDER_PATH}/nanopb.framework",
			);
			runOnlyForDeploymentPostprocessing = 0;
			shellPath = /bin/sh;
			shellScript = "\"${SRCROOT}/Pods/Target Support Files/Pods-RS Combat/Pods-RS Combat-frameworks.sh\"\n";
			showEnvVarsInLog = 0;
		};
		733AEBB4199C9C4E00E0BA95 /* ShellScript */ = {
			isa = PBXShellScriptBuildPhase;
			buildActionMask = 2147483647;
			files = (
			);
			inputPaths = (
			);
			outputPaths = (
			);
			runOnlyForDeploymentPostprocessing = 0;
			shellPath = /bin/sh;
			shellScript = "buildNumber=$(/usr/libexec/PlistBuddy -c \"Print CFBundleVersion\" \"$INFOPLIST_FILE\")\nbuildNumber=$(($buildNumber + 1))\n/usr/libexec/PlistBuddy -c \"Set :CFBundleVersion $buildNumber\" \"$INFOPLIST_FILE\"";
		};
		E1A0ABE8008C2F313512E98A /* [CP] Check Pods Manifest.lock */ = {
			isa = PBXShellScriptBuildPhase;
			buildActionMask = 2147483647;
			files = (
			);
			inputPaths = (
				"${PODS_PODFILE_DIR_PATH}/Podfile.lock",
				"${PODS_ROOT}/Manifest.lock",
			);
			name = "[CP] Check Pods Manifest.lock";
			outputPaths = (
				"$(DERIVED_FILE_DIR)/Pods-RS Combat-checkManifestLockResult.txt",
			);
			runOnlyForDeploymentPostprocessing = 0;
			shellPath = /bin/sh;
			shellScript = "diff \"${PODS_PODFILE_DIR_PATH}/Podfile.lock\" \"${PODS_ROOT}/Manifest.lock\" > /dev/null\nif [ $? != 0 ] ; then\n    # print error to STDERR\n    echo \"error: The sandbox is not in sync with the Podfile.lock. Run 'pod install' or update your CocoaPods installation.\" >&2\n    exit 1\nfi\n# This output is used by Xcode 'outputs' to avoid re-running this script phase.\necho \"SUCCESS\" > \"${SCRIPT_OUTPUT_FILE_0}\"\n";
			showEnvVarsInLog = 0;
		};
/* End PBXShellScriptBuildPhase section */

/* Begin PBXSourcesBuildPhase section */
		736530561976BD28004D83E9 /* Sources */ = {
			isa = PBXSourcesBuildPhase;
			buildActionMask = 2147483647;
			files = (
				73282DFA1E4AD221009A6B56 /* AppDelegate.swift in Sources */,
				738E22411E4B6F9700305402 /* OSMain.swift in Sources */,
				73F5DAFA1E48DEDF00999C84 /* RSMain.swift in Sources */,
			);
			runOnlyForDeploymentPostprocessing = 0;
		};
		7365306F1976BD28004D83E9 /* Sources */ = {
			isa = PBXSourcesBuildPhase;
			buildActionMask = 2147483647;
			files = (
			);
			runOnlyForDeploymentPostprocessing = 0;
		};
/* End PBXSourcesBuildPhase section */

/* Begin PBXTargetDependency section */
		736530751976BD28004D83E9 /* PBXTargetDependency */ = {
			isa = PBXTargetDependency;
			target = 736530591976BD28004D83E9 /* RS Combat */;
			targetProxy = 736530741976BD28004D83E9 /* PBXContainerItemProxy */;
		};
/* End PBXTargetDependency section */

/* Begin XCBuildConfiguration section */
		7365307B1976BD28004D83E9 /* Debug */ = {
			isa = XCBuildConfiguration;
			buildSettings = {
				ALWAYS_SEARCH_USER_PATHS = NO;
				CLANG_CXX_LANGUAGE_STANDARD = "gnu++0x";
				CLANG_CXX_LIBRARY = "libc++";
				CLANG_ENABLE_MODULES = YES;
				CLANG_ENABLE_OBJC_ARC = YES;
				CLANG_WARN_BLOCK_CAPTURE_AUTORELEASING = YES;
				CLANG_WARN_BOOL_CONVERSION = YES;
				CLANG_WARN_COMMA = YES;
				CLANG_WARN_CONSTANT_CONVERSION = YES;
				CLANG_WARN_DEPRECATED_OBJC_IMPLEMENTATIONS = YES;
				CLANG_WARN_DIRECT_OBJC_ISA_USAGE = YES_ERROR;
				CLANG_WARN_EMPTY_BODY = YES;
				CLANG_WARN_ENUM_CONVERSION = YES;
				CLANG_WARN_INFINITE_RECURSION = YES;
				CLANG_WARN_INT_CONVERSION = YES;
				CLANG_WARN_NON_LITERAL_NULL_CONVERSION = YES;
				CLANG_WARN_OBJC_IMPLICIT_RETAIN_SELF = YES;
				CLANG_WARN_OBJC_LITERAL_CONVERSION = YES;
				CLANG_WARN_OBJC_ROOT_CLASS = YES_ERROR;
				CLANG_WARN_RANGE_LOOP_ANALYSIS = YES;
				CLANG_WARN_STRICT_PROTOTYPES = YES;
				CLANG_WARN_SUSPICIOUS_MOVE = YES;
				CLANG_WARN_UNREACHABLE_CODE = YES;
				CLANG_WARN__DUPLICATE_METHOD_MATCH = YES;
				"CODE_SIGN_IDENTITY[sdk=iphoneos*]" = "iPhone Developer";
				COPY_PHASE_STRIP = NO;
				ENABLE_STRICT_OBJC_MSGSEND = YES;
				ENABLE_TESTABILITY = YES;
				GCC_C_LANGUAGE_STANDARD = gnu99;
				GCC_DYNAMIC_NO_PIC = NO;
				GCC_NO_COMMON_BLOCKS = YES;
				GCC_OPTIMIZATION_LEVEL = 0;
				GCC_PREPROCESSOR_DEFINITIONS = (
					"DEBUG=1",
					"$(inherited)",
				);
				GCC_SYMBOLS_PRIVATE_EXTERN = NO;
				GCC_WARN_64_TO_32_BIT_CONVERSION = YES;
				GCC_WARN_ABOUT_RETURN_TYPE = YES_ERROR;
				GCC_WARN_UNDECLARED_SELECTOR = YES;
				GCC_WARN_UNINITIALIZED_AUTOS = YES_AGGRESSIVE;
				GCC_WARN_UNUSED_FUNCTION = YES;
				GCC_WARN_UNUSED_VARIABLE = YES;
				IPHONEOS_DEPLOYMENT_TARGET = 8.0;
				MTL_ENABLE_DEBUG_INFO = YES;
				ONLY_ACTIVE_ARCH = YES;
				SDKROOT = iphoneos;
				TARGETED_DEVICE_FAMILY = "1,2";
			};
			name = Debug;
		};
		7365307C1976BD28004D83E9 /* Release */ = {
			isa = XCBuildConfiguration;
			buildSettings = {
				ALWAYS_SEARCH_USER_PATHS = NO;
				CLANG_CXX_LANGUAGE_STANDARD = "gnu++0x";
				CLANG_CXX_LIBRARY = "libc++";
				CLANG_ENABLE_MODULES = YES;
				CLANG_ENABLE_OBJC_ARC = YES;
				CLANG_WARN_BLOCK_CAPTURE_AUTORELEASING = YES;
				CLANG_WARN_BOOL_CONVERSION = YES;
				CLANG_WARN_COMMA = YES;
				CLANG_WARN_CONSTANT_CONVERSION = YES;
				CLANG_WARN_DEPRECATED_OBJC_IMPLEMENTATIONS = YES;
				CLANG_WARN_DIRECT_OBJC_ISA_USAGE = YES_ERROR;
				CLANG_WARN_EMPTY_BODY = YES;
				CLANG_WARN_ENUM_CONVERSION = YES;
				CLANG_WARN_INFINITE_RECURSION = YES;
				CLANG_WARN_INT_CONVERSION = YES;
				CLANG_WARN_NON_LITERAL_NULL_CONVERSION = YES;
				CLANG_WARN_OBJC_IMPLICIT_RETAIN_SELF = YES;
				CLANG_WARN_OBJC_LITERAL_CONVERSION = YES;
				CLANG_WARN_OBJC_ROOT_CLASS = YES_ERROR;
				CLANG_WARN_RANGE_LOOP_ANALYSIS = YES;
				CLANG_WARN_STRICT_PROTOTYPES = YES;
				CLANG_WARN_SUSPICIOUS_MOVE = YES;
				CLANG_WARN_UNREACHABLE_CODE = YES;
				CLANG_WARN__DUPLICATE_METHOD_MATCH = YES;
				"CODE_SIGN_IDENTITY[sdk=iphoneos*]" = "iPhone Developer";
				COPY_PHASE_STRIP = YES;
				ENABLE_NS_ASSERTIONS = NO;
				ENABLE_STRICT_OBJC_MSGSEND = YES;
				GCC_C_LANGUAGE_STANDARD = gnu99;
				GCC_NO_COMMON_BLOCKS = YES;
				GCC_WARN_64_TO_32_BIT_CONVERSION = YES;
				GCC_WARN_ABOUT_RETURN_TYPE = YES_ERROR;
				GCC_WARN_UNDECLARED_SELECTOR = YES;
				GCC_WARN_UNINITIALIZED_AUTOS = YES_AGGRESSIVE;
				GCC_WARN_UNUSED_FUNCTION = YES;
				GCC_WARN_UNUSED_VARIABLE = YES;
				IPHONEOS_DEPLOYMENT_TARGET = 8.0;
				MTL_ENABLE_DEBUG_INFO = NO;
				SDKROOT = iphoneos;
				SWIFT_OPTIMIZATION_LEVEL = "-Owholemodule";
				TARGETED_DEVICE_FAMILY = "1,2";
				VALIDATE_PRODUCT = YES;
			};
			name = Release;
		};
		7365307E1976BD28004D83E9 /* Debug */ = {
			isa = XCBuildConfiguration;
			baseConfigurationReference = A82C44998583BAAE8258A492 /* Pods-RS Combat.debug.xcconfig */;
			buildSettings = {
				ASSETCATALOG_COMPILER_APPICON_NAME = AppIcon;
				CLANG_ENABLE_MODULES = YES;
				CODE_SIGN_IDENTITY = "iPhone Developer";
				"CODE_SIGN_IDENTITY[sdk=iphoneos*]" = "iPhone Developer";
				INFOPLIST_FILE = "RS Combat/Info.plist";
				IPHONEOS_DEPLOYMENT_TARGET = 10;
				LD_RUNPATH_SEARCH_PATHS = "$(inherited) @executable_path/Frameworks";
				PRODUCT_BUNDLE_IDENTIFIER = "com.${PRODUCT_NAME:rfc1034identifier}";
				PRODUCT_NAME = "RS Combat";
				PROVISIONING_PROFILE = "";
				SWIFT_OPTIMIZATION_LEVEL = "-Onone";
				SWIFT_VERSION = 4.0;
				TARGETED_DEVICE_FAMILY = "1,2";
			};
			name = Debug;
		};
		7365307F1976BD28004D83E9 /* Release */ = {
			isa = XCBuildConfiguration;
			baseConfigurationReference = 974AD0D37377E660553FDA68 /* Pods-RS Combat.release.xcconfig */;
			buildSettings = {
				ASSETCATALOG_COMPILER_APPICON_NAME = AppIcon;
				CLANG_ENABLE_MODULES = YES;
				CODE_SIGN_IDENTITY = "iPhone Developer";
				"CODE_SIGN_IDENTITY[sdk=iphoneos*]" = "iPhone Developer";
				INFOPLIST_FILE = "RS Combat/Info.plist";
				IPHONEOS_DEPLOYMENT_TARGET = 10;
				LD_RUNPATH_SEARCH_PATHS = "$(inherited) @executable_path/Frameworks";
				PRODUCT_BUNDLE_IDENTIFIER = "com.${PRODUCT_NAME:rfc1034identifier}";
				PRODUCT_NAME = "RS Combat";
				PROVISIONING_PROFILE = "";
				SWIFT_VERSION = 4.0;
				TARGETED_DEVICE_FAMILY = "1,2";
			};
			name = Release;
		};
		736530811976BD28004D83E9 /* Debug */ = {
			isa = XCBuildConfiguration;
			baseConfigurationReference = 6AA787676983E51062A96125 /* Pods-RS CombatTests.debug.xcconfig */;
			buildSettings = {
				ALWAYS_EMBED_SWIFT_STANDARD_LIBRARIES = YES;
				BUNDLE_LOADER = "$(BUILT_PRODUCTS_DIR)/RS Combat.app/RS Combat";
				FRAMEWORK_SEARCH_PATHS = (
					"$(SDKROOT)/Developer/Library/Frameworks",
					"$(inherited)",
				);
				GCC_PREPROCESSOR_DEFINITIONS = (
					"DEBUG=1",
					"$(inherited)",
				);
				INFOPLIST_FILE = "RS Combat Tests/Info.plist";
				LD_RUNPATH_SEARCH_PATHS = "$(inherited) @executable_path/Frameworks @loader_path/Frameworks";
				PRODUCT_BUNDLE_IDENTIFIER = "com.${PRODUCT_NAME:rfc1034identifier}";
				PRODUCT_NAME = "RS CombatTests";
				TEST_HOST = "$(BUNDLE_LOADER)";
			};
			name = Debug;
		};
		736530821976BD28004D83E9 /* Release */ = {
			isa = XCBuildConfiguration;
			baseConfigurationReference = 549B1EF10A705633E1E4D0B6 /* Pods-RS CombatTests.release.xcconfig */;
			buildSettings = {
				ALWAYS_EMBED_SWIFT_STANDARD_LIBRARIES = YES;
				BUNDLE_LOADER = "$(BUILT_PRODUCTS_DIR)/RS Combat.app/RS Combat";
				FRAMEWORK_SEARCH_PATHS = (
					"$(SDKROOT)/Developer/Library/Frameworks",
					"$(inherited)",
				);
				INFOPLIST_FILE = "RS Combat Tests/Info.plist";
				LD_RUNPATH_SEARCH_PATHS = "$(inherited) @executable_path/Frameworks @loader_path/Frameworks";
				PRODUCT_BUNDLE_IDENTIFIER = "com.${PRODUCT_NAME:rfc1034identifier}";
				PRODUCT_NAME = "RS CombatTests";
				TEST_HOST = "$(BUNDLE_LOADER)";
			};
			name = Release;
		};
/* End XCBuildConfiguration section */

/* Begin XCConfigurationList section */
		736530551976BD28004D83E9 /* Build configuration list for PBXProject "RS Combat" */ = {
			isa = XCConfigurationList;
			buildConfigurations = (
				7365307B1976BD28004D83E9 /* Debug */,
				7365307C1976BD28004D83E9 /* Release */,
			);
			defaultConfigurationIsVisible = 0;
			defaultConfigurationName = Release;
		};
		7365307D1976BD28004D83E9 /* Build configuration list for PBXNativeTarget "RS Combat" */ = {
			isa = XCConfigurationList;
			buildConfigurations = (
				7365307E1976BD28004D83E9 /* Debug */,
				7365307F1976BD28004D83E9 /* Release */,
			);
			defaultConfigurationIsVisible = 0;
			defaultConfigurationName = Release;
		};
		736530801976BD28004D83E9 /* Build configuration list for PBXNativeTarget "RS CombatTests" */ = {
			isa = XCConfigurationList;
			buildConfigurations = (
				736530811976BD28004D83E9 /* Debug */,
				736530821976BD28004D83E9 /* Release */,
			);
			defaultConfigurationIsVisible = 0;
			defaultConfigurationName = Release;
		};
/* End XCConfigurationList section */
	};
	rootObject = 736530521976BD28004D83E9 /* Project object */;
}
